// !$*UTF8*$!
{
	archiveVersion = 1;
	classes = {
	};
	objectVersion = 50;
	objects = {

/* Begin PBXBuildFile section */
		D40EBF452731630D00F19F85 /* ProjectHeaderView.swift in Sources */ = {isa = PBXBuildFile; fileRef = D40EBF442731630D00F19F85 /* ProjectHeaderView.swift */; };
		D40EBF6C2731649E00F19F85 /* Colors.xcassets in Resources */ = {isa = PBXBuildFile; fileRef = D40EBF6B2731649E00F19F85 /* Colors.xcassets */; };
		D40EBF6E2731650200F19F85 /* EditProjectView.swift in Sources */ = {isa = PBXBuildFile; fileRef = D40EBF6D2731650200F19F85 /* EditProjectView.swift */; };
		D40EBF70273187BE00F19F85 /* SelectSomethingView.swift in Sources */ = {isa = PBXBuildFile; fileRef = D40EBF6F273187BE00F19F85 /* SelectSomethingView.swift */; };
		D40EBF7227318BEB00F19F85 /* Sequence-Sorting.swift in Sources */ = {isa = PBXBuildFile; fileRef = D40EBF7127318BEB00F19F85 /* Sequence-Sorting.swift */; };
		D40EBF7427318F9300F19F85 /* Bundle-Decodale.swift in Sources */ = {isa = PBXBuildFile; fileRef = D40EBF7327318F9300F19F85 /* Bundle-Decodale.swift */; };
		D40EBF782731966900F19F85 /* Award.swift in Sources */ = {isa = PBXBuildFile; fileRef = D40EBF772731966900F19F85 /* Award.swift */; };
		D40EBF7A2731974900F19F85 /* AwardsView.swift in Sources */ = {isa = PBXBuildFile; fileRef = D40EBF792731974900F19F85 /* AwardsView.swift */; };
		D468FC092732C6DD00A3D29A /* Color-Additions.swift in Sources */ = {isa = PBXBuildFile; fileRef = D468FC082732C6DD00A3D29A /* Color-Additions.swift */; };
		D468FC1327332D0700A3D29A /* Localizable.strings in Resources */ = {isa = PBXBuildFile; fileRef = D468FC1527332D0700A3D29A /* Localizable.strings */; };
		D468FC1727332D4D00A3D29A /* Localizable.stringsdict in Resources */ = {isa = PBXBuildFile; fileRef = D468FC1927332D4D00A3D29A /* Localizable.stringsdict */; };
		D468FC1B27332DFD00A3D29A /* Awards.json in Resources */ = {isa = PBXBuildFile; fileRef = D468FC1D27332DFD00A3D29A /* Awards.json */; };
		D468FC22273340ED00A3D29A /* ItemListView.swift in Sources */ = {isa = PBXBuildFile; fileRef = D468FC21273340ED00A3D29A /* ItemListView.swift */; };
		D468FC242733418500A3D29A /* ProjectSummaryView.swift in Sources */ = {isa = PBXBuildFile; fileRef = D468FC232733418500A3D29A /* ProjectSummaryView.swift */; };
		D4ADC3D125A5F7EE00CFA9F3 /* CloudKit.framework in Frameworks */ = {isa = PBXBuildFile; fileRef = D4ADC3D025A5F7EE00CFA9F3 /* CloudKit.framework */; };
		D4ADC3D425A6046700CFA9F3 /* HomeView.swift in Sources */ = {isa = PBXBuildFile; fileRef = D4ADC3D325A6046700CFA9F3 /* HomeView.swift */; };
		D4ADC3D725A604DA00CFA9F3 /* ProjectsView.swift in Sources */ = {isa = PBXBuildFile; fileRef = D4ADC3D625A604DA00CFA9F3 /* ProjectsView.swift */; };
		D4ADC3DA25A61A1800CFA9F3 /* Item-CoreDataHelpers.swift in Sources */ = {isa = PBXBuildFile; fileRef = D4ADC3D925A61A1800CFA9F3 /* Item-CoreDataHelpers.swift */; };
		D4ADC3DD25A61B4300CFA9F3 /* Project-CoreDataHelpers.swift in Sources */ = {isa = PBXBuildFile; fileRef = D4ADC3DC25A61B4300CFA9F3 /* Project-CoreDataHelpers.swift */; };
		D4ADC3E025A7436800CFA9F3 /* EditItemView.swift in Sources */ = {isa = PBXBuildFile; fileRef = D4ADC3DF25A7436700CFA9F3 /* EditItemView.swift */; };
		D4ADC3E325A748F300CFA9F3 /* ItemRowView.swift in Sources */ = {isa = PBXBuildFile; fileRef = D4ADC3E225A748F300CFA9F3 /* ItemRowView.swift */; };
		D4ADC3E625A74B5600CFA9F3 /* Binding-OnChange.swift in Sources */ = {isa = PBXBuildFile; fileRef = D4ADC3E525A74B5600CFA9F3 /* Binding-OnChange.swift */; };
		D4BBCAC125A373CF006773BC /* PortfolioApp.swift in Sources */ = {isa = PBXBuildFile; fileRef = D4BBCAC025A373CF006773BC /* PortfolioApp.swift */; };
		D4BBCAC325A373CF006773BC /* ContentView.swift in Sources */ = {isa = PBXBuildFile; fileRef = D4BBCAC225A373CF006773BC /* ContentView.swift */; };
		D4BBCAC525A373D1006773BC /* Assets.xcassets in Resources */ = {isa = PBXBuildFile; fileRef = D4BBCAC425A373D1006773BC /* Assets.xcassets */; };
		D4BBCAC825A373D1006773BC /* Preview Assets.xcassets in Resources */ = {isa = PBXBuildFile; fileRef = D4BBCAC725A373D1006773BC /* Preview Assets.xcassets */; };
		D4BBCAD225A3C73C006773BC /* Main.xcdatamodeld in Sources */ = {isa = PBXBuildFile; fileRef = D4BBCAD025A3C73C006773BC /* Main.xcdatamodeld */; };
		D4BBCAD525A3CB16006773BC /* DataController.swift in Sources */ = {isa = PBXBuildFile; fileRef = D4BBCAD425A3CB16006773BC /* DataController.swift */; };
/* End PBXBuildFile section */

/* Begin PBXFileReference section */
		D40EBF442731630D00F19F85 /* ProjectHeaderView.swift */ = {isa = PBXFileReference; lastKnownFileType = sourcecode.swift; path = ProjectHeaderView.swift; sourceTree = "<group>"; };
		D40EBF6B2731649E00F19F85 /* Colors.xcassets */ = {isa = PBXFileReference; lastKnownFileType = folder.assetcatalog; path = Colors.xcassets; sourceTree = "<group>"; };
		D40EBF6D2731650200F19F85 /* EditProjectView.swift */ = {isa = PBXFileReference; lastKnownFileType = sourcecode.swift; path = EditProjectView.swift; sourceTree = "<group>"; };
		D40EBF6F273187BE00F19F85 /* SelectSomethingView.swift */ = {isa = PBXFileReference; lastKnownFileType = sourcecode.swift; path = SelectSomethingView.swift; sourceTree = "<group>"; };
		D40EBF7127318BEB00F19F85 /* Sequence-Sorting.swift */ = {isa = PBXFileReference; lastKnownFileType = sourcecode.swift; path = "Sequence-Sorting.swift"; sourceTree = "<group>"; };
		D40EBF7327318F9300F19F85 /* Bundle-Decodale.swift */ = {isa = PBXFileReference; lastKnownFileType = sourcecode.swift; path = "Bundle-Decodale.swift"; sourceTree = "<group>"; };
		D40EBF772731966900F19F85 /* Award.swift */ = {isa = PBXFileReference; lastKnownFileType = sourcecode.swift; path = Award.swift; sourceTree = "<group>"; };
		D40EBF792731974900F19F85 /* AwardsView.swift */ = {isa = PBXFileReference; lastKnownFileType = sourcecode.swift; path = AwardsView.swift; sourceTree = "<group>"; };
		D468FC082732C6DD00A3D29A /* Color-Additions.swift */ = {isa = PBXFileReference; lastKnownFileType = sourcecode.swift; path = "Color-Additions.swift"; sourceTree = "<group>"; };
		D468FC1427332D0700A3D29A /* en */ = {isa = PBXFileReference; lastKnownFileType = text.plist.strings; name = en; path = en.lproj/Localizable.strings; sourceTree = "<group>"; };
		D468FC1627332D1100A3D29A /* hu */ = {isa = PBXFileReference; lastKnownFileType = text.plist.strings; name = hu; path = hu.lproj/Localizable.strings; sourceTree = "<group>"; };
		D468FC1827332D4D00A3D29A /* en */ = {isa = PBXFileReference; lastKnownFileType = text.plist.stringsdict; name = en; path = en.lproj/Localizable.stringsdict; sourceTree = "<group>"; };
		D468FC1A27332D5400A3D29A /* hu */ = {isa = PBXFileReference; lastKnownFileType = text.plist.stringsdict; name = hu; path = hu.lproj/Localizable.stringsdict; sourceTree = "<group>"; };
		D468FC1C27332DFD00A3D29A /* en */ = {isa = PBXFileReference; lastKnownFileType = text.json; name = en; path = en.lproj/Awards.json; sourceTree = "<group>"; };
		D468FC1E27332E0000A3D29A /* hu */ = {isa = PBXFileReference; lastKnownFileType = text.json; name = hu; path = hu.lproj/Awards.json; sourceTree = "<group>"; };
		D468FC21273340ED00A3D29A /* ItemListView.swift */ = {isa = PBXFileReference; lastKnownFileType = sourcecode.swift; path = ItemListView.swift; sourceTree = "<group>"; };
		D468FC232733418500A3D29A /* ProjectSummaryView.swift */ = {isa = PBXFileReference; lastKnownFileType = sourcecode.swift; path = ProjectSummaryView.swift; sourceTree = "<group>"; };
		D4ADC3CE25A5F7EC00CFA9F3 /* Portfolio.entitlements */ = {isa = PBXFileReference; lastKnownFileType = text.plist.entitlements; path = Portfolio.entitlements; sourceTree = "<group>"; };
		D4ADC3D025A5F7EE00CFA9F3 /* CloudKit.framework */ = {isa = PBXFileReference; lastKnownFileType = wrapper.framework; name = CloudKit.framework; path = System/Library/Frameworks/CloudKit.framework; sourceTree = SDKROOT; };
		D4ADC3D325A6046700CFA9F3 /* HomeView.swift */ = {isa = PBXFileReference; lastKnownFileType = sourcecode.swift; path = HomeView.swift; sourceTree = "<group>"; };
		D4ADC3D625A604DA00CFA9F3 /* ProjectsView.swift */ = {isa = PBXFileReference; lastKnownFileType = sourcecode.swift; path = ProjectsView.swift; sourceTree = "<group>"; };
		D4ADC3D925A61A1800CFA9F3 /* Item-CoreDataHelpers.swift */ = {isa = PBXFileReference; lastKnownFileType = sourcecode.swift; path = "Item-CoreDataHelpers.swift"; sourceTree = "<group>"; };
		D4ADC3DC25A61B4300CFA9F3 /* Project-CoreDataHelpers.swift */ = {isa = PBXFileReference; lastKnownFileType = sourcecode.swift; path = "Project-CoreDataHelpers.swift"; sourceTree = "<group>"; };
		D4ADC3DF25A7436700CFA9F3 /* EditItemView.swift */ = {isa = PBXFileReference; lastKnownFileType = sourcecode.swift; path = EditItemView.swift; sourceTree = "<group>"; };
		D4ADC3E225A748F300CFA9F3 /* ItemRowView.swift */ = {isa = PBXFileReference; lastKnownFileType = sourcecode.swift; path = ItemRowView.swift; sourceTree = "<group>"; };
		D4ADC3E525A74B5600CFA9F3 /* Binding-OnChange.swift */ = {isa = PBXFileReference; lastKnownFileType = sourcecode.swift; path = "Binding-OnChange.swift"; sourceTree = "<group>"; };
		D4BBCABD25A373CF006773BC /* Portfolio.app */ = {isa = PBXFileReference; explicitFileType = wrapper.application; includeInIndex = 0; path = Portfolio.app; sourceTree = BUILT_PRODUCTS_DIR; };
		D4BBCAC025A373CF006773BC /* PortfolioApp.swift */ = {isa = PBXFileReference; lastKnownFileType = sourcecode.swift; path = PortfolioApp.swift; sourceTree = "<group>"; };
		D4BBCAC225A373CF006773BC /* ContentView.swift */ = {isa = PBXFileReference; lastKnownFileType = sourcecode.swift; path = ContentView.swift; sourceTree = "<group>"; };
		D4BBCAC425A373D1006773BC /* Assets.xcassets */ = {isa = PBXFileReference; lastKnownFileType = folder.assetcatalog; path = Assets.xcassets; sourceTree = "<group>"; };
		D4BBCAC725A373D1006773BC /* Preview Assets.xcassets */ = {isa = PBXFileReference; lastKnownFileType = folder.assetcatalog; path = "Preview Assets.xcassets"; sourceTree = "<group>"; };
		D4BBCAC925A373D1006773BC /* Info.plist */ = {isa = PBXFileReference; lastKnownFileType = text.plist.xml; path = Info.plist; sourceTree = "<group>"; };
		D4BBCAD125A3C73C006773BC /* Main.xcdatamodel */ = {isa = PBXFileReference; lastKnownFileType = wrapper.xcdatamodel; path = Main.xcdatamodel; sourceTree = "<group>"; };
		D4BBCAD425A3CB16006773BC /* DataController.swift */ = {isa = PBXFileReference; lastKnownFileType = sourcecode.swift; path = DataController.swift; sourceTree = "<group>"; };
/* End PBXFileReference section */

/* Begin PBXFrameworksBuildPhase section */
		D4BBCABA25A373CF006773BC /* Frameworks */ = {
			isa = PBXFrameworksBuildPhase;
			buildActionMask = 2147483647;
			files = (
				D4ADC3D125A5F7EE00CFA9F3 /* CloudKit.framework in Frameworks */,
			);
			runOnlyForDeploymentPostprocessing = 0;
		};
/* End PBXFrameworksBuildPhase section */

/* Begin PBXGroup section */
		D4ADC3CF25A5F7EE00CFA9F3 /* Frameworks */ = {
			isa = PBXGroup;
			children = (
				D4ADC3D025A5F7EE00CFA9F3 /* CloudKit.framework */,
			);
			name = Frameworks;
			sourceTree = "<group>";
		};
		D4BBCAB425A373CF006773BC = {
			isa = PBXGroup;
			children = (
				D4BBCABF25A373CF006773BC /* Portfolio */,
				D4BBCABE25A373CF006773BC /* Products */,
				D4ADC3CF25A5F7EE00CFA9F3 /* Frameworks */,
			);
			sourceTree = "<group>";
		};
		D4BBCABE25A373CF006773BC /* Products */ = {
			isa = PBXGroup;
			children = (
				D4BBCABD25A373CF006773BC /* Portfolio.app */,
			);
			name = Products;
			sourceTree = "<group>";
		};
		D4BBCABF25A373CF006773BC /* Portfolio */ = {
			isa = PBXGroup;
			children = (
				D4ADC3CE25A5F7EC00CFA9F3 /* Portfolio.entitlements */,
				D4BBCAC025A373CF006773BC /* PortfolioApp.swift */,
				D4BBCAC225A373CF006773BC /* ContentView.swift */,
				D4ADC3DF25A7436700CFA9F3 /* EditItemView.swift */,
				D4ADC3D925A61A1800CFA9F3 /* Item-CoreDataHelpers.swift */,
				D468FC1527332D0700A3D29A /* Localizable.strings */,
				D468FC1927332D4D00A3D29A /* Localizable.stringsdict */,
				D4ADC3DC25A61B4300CFA9F3 /* Project-CoreDataHelpers.swift */,
				D40EBF7127318BEB00F19F85 /* Sequence-Sorting.swift */,
				D4ADC3D325A6046700CFA9F3 /* HomeView.swift */,
				D468FC21273340ED00A3D29A /* ItemListView.swift */,
				D4ADC3D625A604DA00CFA9F3 /* ProjectsView.swift */,
				D40EBF7327318F9300F19F85 /* Bundle-Decodale.swift */,
				D40EBF772731966900F19F85 /* Award.swift */,
				D40EBF792731974900F19F85 /* AwardsView.swift */,
				D468FC082732C6DD00A3D29A /* Color-Additions.swift */,
				D40EBF6F273187BE00F19F85 /* SelectSomethingView.swift */,
				D40EBF442731630D00F19F85 /* ProjectHeaderView.swift */,
				D4ADC3E225A748F300CFA9F3 /* ItemRowView.swift */,
				D4ADC3E525A74B5600CFA9F3 /* Binding-OnChange.swift */,
				D468FC232733418500A3D29A /* ProjectSummaryView.swift */,
				D4BBCAD025A3C73C006773BC /* Main.xcdatamodeld */,
				D4BBCAD425A3CB16006773BC /* DataController.swift */,
				D4BBCAC425A373D1006773BC /* Assets.xcassets */,
				D4BBCAC925A373D1006773BC /* Info.plist */,
				D40EBF6B2731649E00F19F85 /* Colors.xcassets */,
				D40EBF6D2731650200F19F85 /* EditProjectView.swift */,
				D468FC1D27332DFD00A3D29A /* Awards.json */,
				D4BBCAC625A373D1006773BC /* Preview Content */,
			);
			path = Portfolio;
			sourceTree = "<group>";
		};
		D4BBCAC625A373D1006773BC /* Preview Content */ = {
			isa = PBXGroup;
			children = (
				D4BBCAC725A373D1006773BC /* Preview Assets.xcassets */,
			);
			path = "Preview Content";
			sourceTree = "<group>";
		};
/* End PBXGroup section */

/* Begin PBXNativeTarget section */
		D4BBCABC25A373CF006773BC /* Portfolio */ = {
			isa = PBXNativeTarget;
			buildConfigurationList = D4BBCACC25A373D1006773BC /* Build configuration list for PBXNativeTarget "Portfolio" */;
			buildPhases = (
				D43BE5062733587D004B6FFE /* ShellScript */,
				D4BBCAB925A373CF006773BC /* Sources */,
				D4BBCABA25A373CF006773BC /* Frameworks */,
				D4BBCABB25A373CF006773BC /* Resources */,
			);
			buildRules = (
			);
			dependencies = (
			);
			name = Portfolio;
			productName = Portfolio;
			productReference = D4BBCABD25A373CF006773BC /* Portfolio.app */;
			productType = "com.apple.product-type.application";
		};
/* End PBXNativeTarget section */

/* Begin PBXProject section */
		D4BBCAB525A373CF006773BC /* Project object */ = {
			isa = PBXProject;
			attributes = {
				LastSwiftUpdateCheck = 1230;
				LastUpgradeCheck = 1230;
				TargetAttributes = {
					D4BBCABC25A373CF006773BC = {
						CreatedOnToolsVersion = 12.3;
					};
				};
			};
			buildConfigurationList = D4BBCAB825A373CF006773BC /* Build configuration list for PBXProject "Portfolio" */;
			compatibilityVersion = "Xcode 9.3";
			developmentRegion = en;
			hasScannedForEncodings = 0;
			knownRegions = (
				en,
				Base,
				hu,
			);
			mainGroup = D4BBCAB425A373CF006773BC;
			productRefGroup = D4BBCABE25A373CF006773BC /* Products */;
			projectDirPath = "";
			projectRoot = "";
			targets = (
				D4BBCABC25A373CF006773BC /* Portfolio */,
			);
		};
/* End PBXProject section */

/* Begin PBXResourcesBuildPhase section */
		D4BBCABB25A373CF006773BC /* Resources */ = {
			isa = PBXResourcesBuildPhase;
			buildActionMask = 2147483647;
			files = (
				D468FC1327332D0700A3D29A /* Localizable.strings in Resources */,
				D40EBF6C2731649E00F19F85 /* Colors.xcassets in Resources */,
				D468FC1B27332DFD00A3D29A /* Awards.json in Resources */,
				D4BBCAC825A373D1006773BC /* Preview Assets.xcassets in Resources */,
				D4BBCAC525A373D1006773BC /* Assets.xcassets in Resources */,
				D468FC1727332D4D00A3D29A /* Localizable.stringsdict in Resources */,
			);
			runOnlyForDeploymentPostprocessing = 0;
		};
/* End PBXResourcesBuildPhase section */

/* Begin PBXShellScriptBuildPhase section */
		D43BE5062733587D004B6FFE /* ShellScript */ = {
			isa = PBXShellScriptBuildPhase;
			buildActionMask = 2147483647;
			files = (
			);
			inputFileListPaths = (
			);
			inputPaths = (
			);
			outputFileListPaths = (
			);
			outputPaths = (
			);
			runOnlyForDeploymentPostprocessing = 0;
			shellPath = /bin/sh;
			shellScript = "# Type a script or drag a script file from your workspace to insert its path.\nif test -d \"/opt/homebrew/bin/\"; then\n  PATH=\"/opt/homebrew/bin/:${PATH}\"\nfi\n\nexport PATH\n\nif which swiftlint >/dev/null; then\n  swiftlint\nelse\n  echo \"warning: SwiftLint not installed, download from https://github.com/realm/SwiftLint\"\nfi\n";
		};
/* End PBXShellScriptBuildPhase section */

/* Begin PBXSourcesBuildPhase section */
		D4BBCAB925A373CF006773BC /* Sources */ = {
			isa = PBXSourcesBuildPhase;
			buildActionMask = 2147483647;
			files = (
				D4ADC3D725A604DA00CFA9F3 /* ProjectsView.swift in Sources */,
				D468FC242733418500A3D29A /* ProjectSummaryView.swift in Sources */,
				D40EBF452731630D00F19F85 /* ProjectHeaderView.swift in Sources */,
				D40EBF7A2731974900F19F85 /* AwardsView.swift in Sources */,
				D4BBCAD225A3C73C006773BC /* Main.xcdatamodeld in Sources */,
				D40EBF70273187BE00F19F85 /* SelectSomethingView.swift in Sources */,
				D468FC092732C6DD00A3D29A /* Color-Additions.swift in Sources */,
				D4ADC3DD25A61B4300CFA9F3 /* Project-CoreDataHelpers.swift in Sources */,
				D40EBF6E2731650200F19F85 /* EditProjectView.swift in Sources */,
				D40EBF7227318BEB00F19F85 /* Sequence-Sorting.swift in Sources */,
				D40EBF782731966900F19F85 /* Award.swift in Sources */,
				D4BBCAD525A3CB16006773BC /* DataController.swift in Sources */,
				D40EBF7427318F9300F19F85 /* Bundle-Decodale.swift in Sources */,
				D4ADC3E325A748F300CFA9F3 /* ItemRowView.swift in Sources */,
				D4BBCAC325A373CF006773BC /* ContentView.swift in Sources */,
				D4ADC3E625A74B5600CFA9F3 /* Binding-OnChange.swift in Sources */,
				D468FC22273340ED00A3D29A /* ItemListView.swift in Sources */,
				D4ADC3D425A6046700CFA9F3 /* HomeView.swift in Sources */,
				D4BBCAC125A373CF006773BC /* PortfolioApp.swift in Sources */,
				D4ADC3DA25A61A1800CFA9F3 /* Item-CoreDataHelpers.swift in Sources */,
				D4ADC3E025A7436800CFA9F3 /* EditItemView.swift in Sources */,
			);
			runOnlyForDeploymentPostprocessing = 0;
		};
/* End PBXSourcesBuildPhase section */

/* Begin PBXVariantGroup section */
		D468FC1527332D0700A3D29A /* Localizable.strings */ = {
			isa = PBXVariantGroup;
			children = (
				D468FC1427332D0700A3D29A /* en */,
				D468FC1627332D1100A3D29A /* hu */,
			);
			name = Localizable.strings;
			sourceTree = "<group>";
		};
		D468FC1927332D4D00A3D29A /* Localizable.stringsdict */ = {
			isa = PBXVariantGroup;
			children = (
				D468FC1827332D4D00A3D29A /* en */,
				D468FC1A27332D5400A3D29A /* hu */,
			);
			name = Localizable.stringsdict;
			sourceTree = "<group>";
		};
		D468FC1D27332DFD00A3D29A /* Awards.json */ = {
			isa = PBXVariantGroup;
			children = (
				D468FC1C27332DFD00A3D29A /* en */,
				D468FC1E27332E0000A3D29A /* hu */,
			);
			name = Awards.json;
			sourceTree = "<group>";
		};
/* End PBXVariantGroup section */

/* Begin XCBuildConfiguration section */
		D4BBCACA25A373D1006773BC /* Debug */ = {
			isa = XCBuildConfiguration;
			buildSettings = {
				ALWAYS_SEARCH_USER_PATHS = NO;
				CLANG_ANALYZER_NONNULL = YES;
				CLANG_ANALYZER_NUMBER_OBJECT_CONVERSION = YES_AGGRESSIVE;
				CLANG_CXX_LANGUAGE_STANDARD = "gnu++14";
				CLANG_CXX_LIBRARY = "libc++";
				CLANG_ENABLE_MODULES = YES;
				CLANG_ENABLE_OBJC_ARC = YES;
				CLANG_ENABLE_OBJC_WEAK = YES;
				CLANG_WARN_BLOCK_CAPTURE_AUTORELEASING = YES;
				CLANG_WARN_BOOL_CONVERSION = YES;
				CLANG_WARN_COMMA = YES;
				CLANG_WARN_CONSTANT_CONVERSION = YES;
				CLANG_WARN_DEPRECATED_OBJC_IMPLEMENTATIONS = YES;
				CLANG_WARN_DIRECT_OBJC_ISA_USAGE = YES_ERROR;
				CLANG_WARN_DOCUMENTATION_COMMENTS = YES;
				CLANG_WARN_EMPTY_BODY = YES;
				CLANG_WARN_ENUM_CONVERSION = YES;
				CLANG_WARN_INFINITE_RECURSION = YES;
				CLANG_WARN_INT_CONVERSION = YES;
				CLANG_WARN_NON_LITERAL_NULL_CONVERSION = YES;
				CLANG_WARN_OBJC_IMPLICIT_RETAIN_SELF = YES;
				CLANG_WARN_OBJC_LITERAL_CONVERSION = YES;
				CLANG_WARN_OBJC_ROOT_CLASS = YES_ERROR;
				CLANG_WARN_QUOTED_INCLUDE_IN_FRAMEWORK_HEADER = YES;
				CLANG_WARN_RANGE_LOOP_ANALYSIS = YES;
				CLANG_WARN_STRICT_PROTOTYPES = YES;
				CLANG_WARN_SUSPICIOUS_MOVE = YES;
				CLANG_WARN_UNGUARDED_AVAILABILITY = YES_AGGRESSIVE;
				CLANG_WARN_UNREACHABLE_CODE = YES;
				CLANG_WARN__DUPLICATE_METHOD_MATCH = YES;
				COPY_PHASE_STRIP = NO;
				DEBUG_INFORMATION_FORMAT = dwarf;
				ENABLE_STRICT_OBJC_MSGSEND = YES;
				ENABLE_TESTABILITY = YES;
				GCC_C_LANGUAGE_STANDARD = gnu11;
				GCC_DYNAMIC_NO_PIC = NO;
				GCC_NO_COMMON_BLOCKS = YES;
				GCC_OPTIMIZATION_LEVEL = 0;
				GCC_PREPROCESSOR_DEFINITIONS = (
					"DEBUG=1",
					"$(inherited)",
				);
				GCC_WARN_64_TO_32_BIT_CONVERSION = YES;
				GCC_WARN_ABOUT_RETURN_TYPE = YES_ERROR;
				GCC_WARN_UNDECLARED_SELECTOR = YES;
				GCC_WARN_UNINITIALIZED_AUTOS = YES_AGGRESSIVE;
				GCC_WARN_UNUSED_FUNCTION = YES;
				GCC_WARN_UNUSED_VARIABLE = YES;
				IPHONEOS_DEPLOYMENT_TARGET = 15.0;
				MTL_ENABLE_DEBUG_INFO = INCLUDE_SOURCE;
				MTL_FAST_MATH = YES;
				ONLY_ACTIVE_ARCH = YES;
				SDKROOT = iphoneos;
				SWIFT_ACTIVE_COMPILATION_CONDITIONS = DEBUG;
				SWIFT_OPTIMIZATION_LEVEL = "-Onone";
			};
			name = Debug;
		};
		D4BBCACB25A373D1006773BC /* Release */ = {
			isa = XCBuildConfiguration;
			buildSettings = {
				ALWAYS_SEARCH_USER_PATHS = NO;
				CLANG_ANALYZER_NONNULL = YES;
				CLANG_ANALYZER_NUMBER_OBJECT_CONVERSION = YES_AGGRESSIVE;
				CLANG_CXX_LANGUAGE_STANDARD = "gnu++14";
				CLANG_CXX_LIBRARY = "libc++";
				CLANG_ENABLE_MODULES = YES;
				CLANG_ENABLE_OBJC_ARC = YES;
				CLANG_ENABLE_OBJC_WEAK = YES;
				CLANG_WARN_BLOCK_CAPTURE_AUTORELEASING = YES;
				CLANG_WARN_BOOL_CONVERSION = YES;
				CLANG_WARN_COMMA = YES;
				CLANG_WARN_CONSTANT_CONVERSION = YES;
				CLANG_WARN_DEPRECATED_OBJC_IMPLEMENTATIONS = YES;
				CLANG_WARN_DIRECT_OBJC_ISA_USAGE = YES_ERROR;
				CLANG_WARN_DOCUMENTATION_COMMENTS = YES;
				CLANG_WARN_EMPTY_BODY = YES;
				CLANG_WARN_ENUM_CONVERSION = YES;
				CLANG_WARN_INFINITE_RECURSION = YES;
				CLANG_WARN_INT_CONVERSION = YES;
				CLANG_WARN_NON_LITERAL_NULL_CONVERSION = YES;
				CLANG_WARN_OBJC_IMPLICIT_RETAIN_SELF = YES;
				CLANG_WARN_OBJC_LITERAL_CONVERSION = YES;
				CLANG_WARN_OBJC_ROOT_CLASS = YES_ERROR;
				CLANG_WARN_QUOTED_INCLUDE_IN_FRAMEWORK_HEADER = YES;
				CLANG_WARN_RANGE_LOOP_ANALYSIS = YES;
				CLANG_WARN_STRICT_PROTOTYPES = YES;
				CLANG_WARN_SUSPICIOUS_MOVE = YES;
				CLANG_WARN_UNGUARDED_AVAILABILITY = YES_AGGRESSIVE;
				CLANG_WARN_UNREACHABLE_CODE = YES;
				CLANG_WARN__DUPLICATE_METHOD_MATCH = YES;
				COPY_PHASE_STRIP = NO;
				DEBUG_INFORMATION_FORMAT = "dwarf-with-dsym";
				ENABLE_NS_ASSERTIONS = NO;
				ENABLE_STRICT_OBJC_MSGSEND = YES;
				GCC_C_LANGUAGE_STANDARD = gnu11;
				GCC_NO_COMMON_BLOCKS = YES;
				GCC_WARN_64_TO_32_BIT_CONVERSION = YES;
				GCC_WARN_ABOUT_RETURN_TYPE = YES_ERROR;
				GCC_WARN_UNDECLARED_SELECTOR = YES;
				GCC_WARN_UNINITIALIZED_AUTOS = YES_AGGRESSIVE;
				GCC_WARN_UNUSED_FUNCTION = YES;
				GCC_WARN_UNUSED_VARIABLE = YES;
				IPHONEOS_DEPLOYMENT_TARGET = 15.0;
				MTL_ENABLE_DEBUG_INFO = NO;
				MTL_FAST_MATH = YES;
				SDKROOT = iphoneos;
				SWIFT_COMPILATION_MODE = wholemodule;
				SWIFT_OPTIMIZATION_LEVEL = "-O";
				VALIDATE_PRODUCT = YES;
			};
			name = Release;
		};
		D4BBCACD25A373D1006773BC /* Debug */ = {
			isa = XCBuildConfiguration;
			buildSettings = {
				ASSETCATALOG_COMPILER_APPICON_NAME = AppIcon;
				ASSETCATALOG_COMPILER_GLOBAL_ACCENT_COLOR_NAME = AccentColor;
				CODE_SIGN_ENTITLEMENTS = Portfolio/Portfolio.entitlements;
				CODE_SIGN_STYLE = Automatic;
				DEVELOPMENT_ASSET_PATHS = "\"Portfolio/Preview Content\"";
				DEVELOPMENT_TEAM = DPQVGWRDY3;
				ENABLE_PREVIEWS = YES;
				INFOPLIST_FILE = Portfolio/Info.plist;
				IPHONEOS_DEPLOYMENT_TARGET = 15.0;
				LD_RUNPATH_SEARCH_PATHS = (
					"$(inherited)",
					"@executable_path/Frameworks",
				);
				PRODUCT_BUNDLE_IDENTIFIER = uk.robcopping.Portfolio;
				PRODUCT_NAME = "$(TARGET_NAME)";
				SWIFT_VERSION = 5.0;
				TARGETED_DEVICE_FAMILY = "1,2";
			};
			name = Debug;
		};
		D4BBCACE25A373D1006773BC /* Release */ = {
			isa = XCBuildConfiguration;
			buildSettings = {
				ASSETCATALOG_COMPILER_APPICON_NAME = AppIcon;
				ASSETCATALOG_COMPILER_GLOBAL_ACCENT_COLOR_NAME = AccentColor;
				CODE_SIGN_ENTITLEMENTS = Portfolio/Portfolio.entitlements;
				CODE_SIGN_STYLE = Automatic;
				DEVELOPMENT_ASSET_PATHS = "\"Portfolio/Preview Content\"";
				DEVELOPMENT_TEAM = DPQVGWRDY3;
				ENABLE_PREVIEWS = YES;
				INFOPLIST_FILE = Portfolio/Info.plist;
				IPHONEOS_DEPLOYMENT_TARGET = 15.0;
				LD_RUNPATH_SEARCH_PATHS = (
					"$(inherited)",
					"@executable_path/Frameworks",
				);
				PRODUCT_BUNDLE_IDENTIFIER = uk.robcopping.Portfolio;
				PRODUCT_NAME = "$(TARGET_NAME)";
				SWIFT_VERSION = 5.0;
				TARGETED_DEVICE_FAMILY = "1,2";
			};
			name = Release;
		};
/* End XCBuildConfiguration section */

/* Begin XCConfigurationList section */
		D4BBCAB825A373CF006773BC /* Build configuration list for PBXProject "Portfolio" */ = {
			isa = XCConfigurationList;
			buildConfigurations = (
				D4BBCACA25A373D1006773BC /* Debug */,
				D4BBCACB25A373D1006773BC /* Release */,
			);
			defaultConfigurationIsVisible = 0;
			defaultConfigurationName = Release;
		};
		D4BBCACC25A373D1006773BC /* Build configuration list for PBXNativeTarget "Portfolio" */ = {
			isa = XCConfigurationList;
			buildConfigurations = (
				D4BBCACD25A373D1006773BC /* Debug */,
				D4BBCACE25A373D1006773BC /* Release */,
			);
			defaultConfigurationIsVisible = 0;
			defaultConfigurationName = Release;
		};
/* End XCConfigurationList section */

/* Begin XCVersionGroup section */
		D4BBCAD025A3C73C006773BC /* Main.xcdatamodeld */ = {
			isa = XCVersionGroup;
			children = (
				D4BBCAD125A3C73C006773BC /* Main.xcdatamodel */,
			);
			currentVersion = D4BBCAD125A3C73C006773BC /* Main.xcdatamodel */;
			path = Main.xcdatamodeld;
			sourceTree = "<group>";
			versionGroupType = wrapper.xcdatamodel;
		};
/* End XCVersionGroup section */
	};
	rootObject = D4BBCAB525A373CF006773BC /* Project object */;
}
